
Microsoft Visual Studio Solution File, Format Version 12.00
# Visual Studio Version 17
VisualStudioVersion = 17.13.35828.75 d17.13
MinimumVisualStudioVersion = 10.0.40219.1
Project("{FAE04EC0-301F-11D3-BF4B-00C04F79EFBC}") = "41 - toString method", "41 - toString method\41 - toString method.csproj", "{31F3C06D-0326-41BA-8205-29C1CC706E4B}"
EndProject
Global
	GlobalSection(SolutionConfigurationPlatforms) = preSolution
		Debug|Any CPU = Debug|Any CPU
		Release|Any CPU = Release|Any CPU
	EndGlobalSection
	GlobalSection(ProjectConfigurationPlatforms) = postSolution
		{31F3C06D-0326-41BA-8205-29C1CC706E4B}.Debug|Any CPU.ActiveCfg = Debug|Any CPU
		{31F3C06D-0326-41BA-8205-29C1CC706E4B}.Debug|Any CPU.Build.0 = Debug|Any CPU
		{31F3C06D-0326-41BA-8205-29C1CC706E4B}.Release|Any CPU.ActiveCfg = Release|Any CPU
		{31F3C06D-0326-41BA-8205-29C1CC706E4B}.Release|Any CPU.Build.0 = Release|Any CPU
	EndGlobalSection
	GlobalSection(SolutionProperties) = preSolution
		HideSolutionNode = FALSE
	EndGlobalSection
	GlobalSection(ExtensibilityGlobals) = postSolution
		SolutionGuid = {BCF0B635-4528-4AE8-AA74-8F36F9B93B7E}
	EndGlobalSection
EndGlobal
