
Microsoft Visual Studio Solution File, Format Version 12.00
# Visual Studio Version 17
VisualStudioVersion = 17.13.35828.75 d17.13
MinimumVisualStudioVersion = 10.0.40219.1
Project("{FAE04EC0-301F-11D3-BF4B-00C04F79EFBC}") = "18 - number guessing game", "18 - number guessing game\18 - number guessing game.csproj", "{18283A6B-8D16-4773-94E6-7AC02EB62E95}"
EndProject
Global
	GlobalSection(SolutionConfigurationPlatforms) = preSolution
		Debug|Any CPU = Debug|Any CPU
		Release|Any CPU = Release|Any CPU
	EndGlobalSection
	GlobalSection(ProjectConfigurationPlatforms) = postSolution
		{18283A6B-8D16-4773-94E6-7AC02EB62E95}.Debug|Any CPU.ActiveCfg = Debug|Any CPU
		{18283A6B-8D16-4773-94E6-7AC02EB62E95}.Debug|Any CPU.Build.0 = Debug|Any CPU
		{18283A6B-8D16-4773-94E6-7AC02EB62E95}.Release|Any CPU.ActiveCfg = Release|Any CPU
		{18283A6B-8D16-4773-94E6-7AC02EB62E95}.Release|Any CPU.Build.0 = Release|Any CPU
	EndGlobalSection
	GlobalSection(SolutionProperties) = preSolution
		HideSolutionNode = FALSE
	EndGlobalSection
	GlobalSection(ExtensibilityGlobals) = postSolution
		SolutionGuid = {41BE9145-8832-4361-8E02-564CADDC35EC}
	EndGlobalSection
EndGlobal
