
Microsoft Visual Studio Solution File, Format Version 12.00
# Visual Studio Version 17
VisualStudioVersion = 17.13.35828.75 d17.13
MinimumVisualStudioVersion = 10.0.40219.1
Project("{FAE04EC0-301F-11D3-BF4B-00C04F79EFBC}") = "15 - while loops", "15 - while loops\15 - while loops.csproj", "{84BC1B5E-A503-404F-852B-42B680CDCC76}"
EndProject
Global
	GlobalSection(SolutionConfigurationPlatforms) = preSolution
		Debug|Any CPU = Debug|Any CPU
		Release|Any CPU = Release|Any CPU
	EndGlobalSection
	GlobalSection(ProjectConfigurationPlatforms) = postSolution
		{84BC1B5E-A503-404F-852B-42B680CDCC76}.Debug|Any CPU.ActiveCfg = Debug|Any CPU
		{84BC1B5E-A503-404F-852B-42B680CDCC76}.Debug|Any CPU.Build.0 = Debug|Any CPU
		{84BC1B5E-A503-404F-852B-42B680CDCC76}.Release|Any CPU.ActiveCfg = Release|Any CPU
		{84BC1B5E-A503-404F-852B-42B680CDCC76}.Release|Any CPU.Build.0 = Release|Any CPU
	EndGlobalSection
	GlobalSection(SolutionProperties) = preSolution
		HideSolutionNode = FALSE
	EndGlobalSection
	GlobalSection(ExtensibilityGlobals) = postSolution
		SolutionGuid = {4B9D23F7-77EE-4005-850A-8D0286565DCB}
	EndGlobalSection
EndGlobal
