
Microsoft Visual Studio Solution File, Format Version 12.00
# Visual Studio Version 17
VisualStudioVersion = 17.13.35828.75 d17.13
MinimumVisualStudioVersion = 10.0.40219.1
Project("{FAE04EC0-301F-11D3-BF4B-00C04F79EFBC}") = "20 - calculator", "20 - calculator\20 - calculator.csproj", "{7081F855-D16A-42B5-96FB-7F6C629A9C60}"
EndProject
Global
	GlobalSection(SolutionConfigurationPlatforms) = preSolution
		Debug|Any CPU = Debug|Any CPU
		Release|Any CPU = Release|Any CPU
	EndGlobalSection
	GlobalSection(ProjectConfigurationPlatforms) = postSolution
		{7081F855-D16A-42B5-96FB-7F6C629A9C60}.Debug|Any CPU.ActiveCfg = Debug|Any CPU
		{7081F855-D16A-42B5-96FB-7F6C629A9C60}.Debug|Any CPU.Build.0 = Debug|Any CPU
		{7081F855-D16A-42B5-96FB-7F6C629A9C60}.Release|Any CPU.ActiveCfg = Release|Any CPU
		{7081F855-D16A-42B5-96FB-7F6C629A9C60}.Release|Any CPU.Build.0 = Release|Any CPU
	EndGlobalSection
	GlobalSection(SolutionProperties) = preSolution
		HideSolutionNode = FALSE
	EndGlobalSection
	GlobalSection(ExtensibilityGlobals) = postSolution
		SolutionGuid = {39BCAB84-76B3-419A-B720-25049B417313}
	EndGlobalSection
EndGlobal
