
Microsoft Visual Studio Solution File, Format Version 12.00
# Visual Studio Version 17
VisualStudioVersion = 17.13.35828.75 d17.13
MinimumVisualStudioVersion = 10.0.40219.1
Project("{FAE04EC0-301F-11D3-BF4B-00C04F79EFBC}") = "23 - methods", "23 - methods\23 - methods.csproj", "{F3813647-F44D-4DDF-AC73-6BCB1667AA1D}"
EndProject
Global
	GlobalSection(SolutionConfigurationPlatforms) = preSolution
		Debug|Any CPU = Debug|Any CPU
		Release|Any CPU = Release|Any CPU
	EndGlobalSection
	GlobalSection(ProjectConfigurationPlatforms) = postSolution
		{F3813647-F44D-4DDF-AC73-6BCB1667AA1D}.Debug|Any CPU.ActiveCfg = Debug|Any CPU
		{F3813647-F44D-4DDF-AC73-6BCB1667AA1D}.Debug|Any CPU.Build.0 = Debug|Any CPU
		{F3813647-F44D-4DDF-AC73-6BCB1667AA1D}.Release|Any CPU.ActiveCfg = Release|Any CPU
		{F3813647-F44D-4DDF-AC73-6BCB1667AA1D}.Release|Any CPU.Build.0 = Release|Any CPU
	EndGlobalSection
	GlobalSection(SolutionProperties) = preSolution
		HideSolutionNode = FALSE
	EndGlobalSection
	GlobalSection(ExtensibilityGlobals) = postSolution
		SolutionGuid = {907C030A-9198-45D2-B12F-5C21DABBB537}
	EndGlobalSection
EndGlobal
