
Microsoft Visual Studio Solution File, Format Version 12.00
# Visual Studio Version 17
VisualStudioVersion = 17.13.35828.75 d17.13
MinimumVisualStudioVersion = 10.0.40219.1
Project("{FAE04EC0-301F-11D3-BF4B-00C04F79EFBC}") = "45 - list of objects", "45 - list of objects\45 - list of objects.csproj", "{ABAF21CB-E2E6-43F0-8A19-14AD3EB0381C}"
EndProject
Global
	GlobalSection(SolutionConfigurationPlatforms) = preSolution
		Debug|Any CPU = Debug|Any CPU
		Release|Any CPU = Release|Any CPU
	EndGlobalSection
	GlobalSection(ProjectConfigurationPlatforms) = postSolution
		{ABAF21CB-E2E6-43F0-8A19-14AD3EB0381C}.Debug|Any CPU.ActiveCfg = Debug|Any CPU
		{ABAF21CB-E2E6-43F0-8A19-14AD3EB0381C}.Debug|Any CPU.Build.0 = Debug|Any CPU
		{ABAF21CB-E2E6-43F0-8A19-14AD3EB0381C}.Release|Any CPU.ActiveCfg = Release|Any CPU
		{ABAF21CB-E2E6-43F0-8A19-14AD3EB0381C}.Release|Any CPU.Build.0 = Release|Any CPU
	EndGlobalSection
	GlobalSection(SolutionProperties) = preSolution
		HideSolutionNode = FALSE
	EndGlobalSection
	GlobalSection(ExtensibilityGlobals) = postSolution
		SolutionGuid = {D2AD06FB-DAC6-4405-8E94-793E9494B8D2}
	EndGlobalSection
EndGlobal
