
Microsoft Visual Studio Solution File, Format Version 12.00
# Visual Studio Version 17
VisualStudioVersion = 17.13.35828.75 d17.13
MinimumVisualStudioVersion = 10.0.40219.1
Project("{FAE04EC0-301F-11D3-BF4B-00C04F79EFBC}") = "10 - hypothenuse calculator", "10 - hypothenuse calculator\10 - hypothenuse calculator.csproj", "{697D6E82-EF77-43FB-A5C5-EC0DCB83EE91}"
EndProject
Global
	GlobalSection(SolutionConfigurationPlatforms) = preSolution
		Debug|Any CPU = Debug|Any CPU
		Release|Any CPU = Release|Any CPU
	EndGlobalSection
	GlobalSection(ProjectConfigurationPlatforms) = postSolution
		{697D6E82-EF77-43FB-A5C5-EC0DCB83EE91}.Debug|Any CPU.ActiveCfg = Debug|Any CPU
		{697D6E82-EF77-43FB-A5C5-EC0DCB83EE91}.Debug|Any CPU.Build.0 = Debug|Any CPU
		{697D6E82-EF77-43FB-A5C5-EC0DCB83EE91}.Release|Any CPU.ActiveCfg = Release|Any CPU
		{697D6E82-EF77-43FB-A5C5-EC0DCB83EE91}.Release|Any CPU.Build.0 = Release|Any CPU
	EndGlobalSection
	GlobalSection(SolutionProperties) = preSolution
		HideSolutionNode = FALSE
	EndGlobalSection
	GlobalSection(ExtensibilityGlobals) = postSolution
		SolutionGuid = {A247E316-04D0-4ACF-AB22-F1AB238B84A8}
	EndGlobalSection
EndGlobal
