
Microsoft Visual Studio Solution File, Format Version 12.00
# Visual Studio Version 17
VisualStudioVersion = 17.13.35828.75 d17.13
MinimumVisualStudioVersion = 10.0.40219.1
Project("{FAE04EC0-301F-11D3-BF4B-00C04F79EFBC}") = "42 - polymorphism", "42 - polymorphism\42 - polymorphism.csproj", "{0BFA0CE2-D347-4D0C-842E-AB049DC2206E}"
EndProject
Global
	GlobalSection(SolutionConfigurationPlatforms) = preSolution
		Debug|Any CPU = Debug|Any CPU
		Release|Any CPU = Release|Any CPU
	EndGlobalSection
	GlobalSection(ProjectConfigurationPlatforms) = postSolution
		{0BFA0CE2-D347-4D0C-842E-AB049DC2206E}.Debug|Any CPU.ActiveCfg = Debug|Any CPU
		{0BFA0CE2-D347-4D0C-842E-AB049DC2206E}.Debug|Any CPU.Build.0 = Debug|Any CPU
		{0BFA0CE2-D347-4D0C-842E-AB049DC2206E}.Release|Any CPU.ActiveCfg = Release|Any CPU
		{0BFA0CE2-D347-4D0C-842E-AB049DC2206E}.Release|Any CPU.Build.0 = Release|Any CPU
	EndGlobalSection
	GlobalSection(SolutionProperties) = preSolution
		HideSolutionNode = FALSE
	EndGlobalSection
	GlobalSection(ExtensibilityGlobals) = postSolution
		SolutionGuid = {7937E588-91FE-4BA2-BED8-D59C6FCAE2E8}
	EndGlobalSection
EndGlobal
