
Microsoft Visual Studio Solution File, Format Version 12.00
# Visual Studio Version 17
VisualStudioVersion = 17.13.35828.75 d17.13
MinimumVisualStudioVersion = 10.0.40219.1
Project("{FAE04EC0-301F-11D3-BF4B-00C04F79EFBC}") = "26 - params", "26 - params\26 - params.csproj", "{9F6068B2-46EA-4257-8986-51671831D979}"
EndProject
Global
	GlobalSection(SolutionConfigurationPlatforms) = preSolution
		Debug|Any CPU = Debug|Any CPU
		Release|Any CPU = Release|Any CPU
	EndGlobalSection
	GlobalSection(ProjectConfigurationPlatforms) = postSolution
		{9F6068B2-46EA-4257-8986-51671831D979}.Debug|Any CPU.ActiveCfg = Debug|Any CPU
		{9F6068B2-46EA-4257-8986-51671831D979}.Debug|Any CPU.Build.0 = Debug|Any CPU
		{9F6068B2-46EA-4257-8986-51671831D979}.Release|Any CPU.ActiveCfg = Release|Any CPU
		{9F6068B2-46EA-4257-8986-51671831D979}.Release|Any CPU.Build.0 = Release|Any CPU
	EndGlobalSection
	GlobalSection(SolutionProperties) = preSolution
		HideSolutionNode = FALSE
	EndGlobalSection
	GlobalSection(ExtensibilityGlobals) = postSolution
		SolutionGuid = {3B363F3D-42E7-4EE0-829E-3544B510B40C}
	EndGlobalSection
EndGlobal
