
Microsoft Visual Studio Solution File, Format Version 12.00
# Visual Studio Version 17
VisualStudioVersion = 17.13.35828.75 d17.13
MinimumVisualStudioVersion = 10.0.40219.1
Project("{FAE04EC0-301F-11D3-BF4B-00C04F79EFBC}") = "05 - type casting", "05 - type casting\05 - type casting.csproj", "{6DCA35F8-78EF-4C44-BA07-EC67C4838C5B}"
EndProject
Global
	GlobalSection(SolutionConfigurationPlatforms) = preSolution
		Debug|Any CPU = Debug|Any CPU
		Release|Any CPU = Release|Any CPU
	EndGlobalSection
	GlobalSection(ProjectConfigurationPlatforms) = postSolution
		{6DCA35F8-78EF-4C44-BA07-EC67C4838C5B}.Debug|Any CPU.ActiveCfg = Debug|Any CPU
		{6DCA35F8-78EF-4C44-BA07-EC67C4838C5B}.Debug|Any CPU.Build.0 = Debug|Any CPU
		{6DCA35F8-78EF-4C44-BA07-EC67C4838C5B}.Release|Any CPU.ActiveCfg = Release|Any CPU
		{6DCA35F8-78EF-4C44-BA07-EC67C4838C5B}.Release|Any CPU.Build.0 = Release|Any CPU
	EndGlobalSection
	GlobalSection(SolutionProperties) = preSolution
		HideSolutionNode = FALSE
	EndGlobalSection
	GlobalSection(ExtensibilityGlobals) = postSolution
		SolutionGuid = {D4616F8C-C03A-47FD-9F46-48D025D2CD6E}
	EndGlobalSection
EndGlobal
